
Microsoft Visual Studio Solution File, Format Version 12.00
# Visual Studio Version 17
VisualStudioVersion = 17.4.33122.133
MinimumVisualStudioVersion = 10.0.40219.1
Project("{FAE04EC0-301F-11D3-BF4B-00C04F79EFBC}") = "Task1", "Task1\Task1.csproj", "{496EB3D0-58B6-48A7-BC0F-009DCE1EACA0}"
EndProject
Global
	GlobalSection(SolutionConfigurationPlatforms) = preSolution
		Debug|Any CPU = Debug|Any CPU
		Release|Any CPU = Release|Any CPU
	EndGlobalSection
	GlobalSection(ProjectConfigurationPlatforms) = postSolution
		{496EB3D0-58B6-48A7-BC0F-009DCE1EACA0}.Debug|Any CPU.ActiveCfg = Debug|Any CPU
		{496EB3D0-58B6-48A7-BC0F-009DCE1EACA0}.Debug|Any CPU.Build.0 = Debug|Any CPU
		{496EB3D0-58B6-48A7-BC0F-009DCE1EACA0}.Release|Any CPU.ActiveCfg = Release|Any CPU
		{496EB3D0-58B6-48A7-BC0F-009DCE1EACA0}.Release|Any CPU.Build.0 = Release|Any CPU
	EndGlobalSection
	GlobalSection(SolutionProperties) = preSolution
		HideSolutionNode = FALSE
	EndGlobalSection
	GlobalSection(ExtensibilityGlobals) = postSolution
		SolutionGuid = {10E53B89-F871-4655-BA92-A90E5107DF6D}
	EndGlobalSection
EndGlobal
